{
  "requires": true,
  "lockfileVersion": 1,
  "dependencies": {
    "evel-vue": {
      "version": "1.0.1",
      "resolved": "https://registry.npmjs.org/evel-vue/-/evel-vue-1.0.1.tgz",
      "integrity": "sha512-SbxWe2MQJEElKao46gQb4Csac/ib1140lT+2DKSoM9M8rR/raZrHBt0KvjxQQx0XwecbENjbX8+qHq2moyjqcQ=="
    }
  }
}
