{
  "requires": true,
  "lockfileVersion": 1,
  "dependencies": {
    "evel-vue": {
      "version": "1.0.2",
      "resolved": "https://registry.npmjs.org/evel-vue/-/evel-vue-1.0.2.tgz",
      "integrity": "sha512-GYPqhbG9zDJCHGRb4KxZdId3b+05J+AgAsqlUykSnkUokQLJCGNnuZqmS4yL6NgkxJbyGCI1XM8cPZ7RbGByIw=="
    }
  }
}
